
Microsoft Visual Studio Solution File, Format Version 12.00
# Visual Studio 15
VisualStudioVersion = 15.0.28010.2050
MinimumVisualStudioVersion = 10.0.40219.1
Project("{8BC9CEB8-8B4A-11D0-8D11-00A0C91BC942}") = "MIPS Simulator", "MIPS Simulator\MIPS Simulator.vcxproj", "{30DE16FC-D2B1-48E6-A39F-A7CB35B09636}"
EndProject
Global
	GlobalSection(SolutionConfigurationPlatforms) = preSolution
		Debug|x64 = Debug|x64
		Debug|x86 = Debug|x86
		Release|x64 = Release|x64
		Release|x86 = Release|x86
	EndGlobalSection
	GlobalSection(ProjectConfigurationPlatforms) = postSolution
		{30DE16FC-D2B1-48E6-A39F-A7CB35B09636}.Debug|x64.ActiveCfg = Debug|x64
		{30DE16FC-D2B1-48E6-A39F-A7CB35B09636}.Debug|x64.Build.0 = Debug|x64
		{30DE16FC-D2B1-48E6-A39F-A7CB35B09636}.Debug|x86.ActiveCfg = Debug|Win32
		{30DE16FC-D2B1-48E6-A39F-A7CB35B09636}.Debug|x86.Build.0 = Debug|Win32
		{30DE16FC-D2B1-48E6-A39F-A7CB35B09636}.Release|x64.ActiveCfg = Release|x64
		{30DE16FC-D2B1-48E6-A39F-A7CB35B09636}.Release|x64.Build.0 = Release|x64
		{30DE16FC-D2B1-48E6-A39F-A7CB35B09636}.Release|x86.ActiveCfg = Release|Win32
		{30DE16FC-D2B1-48E6-A39F-A7CB35B09636}.Release|x86.Build.0 = Release|Win32
	EndGlobalSection
	GlobalSection(SolutionProperties) = preSolution
		HideSolutionNode = FALSE
	EndGlobalSection
	GlobalSection(ExtensibilityGlobals) = postSolution
		SolutionGuid = {B217AA45-D4FA-4BB0-8466-C6272CF0ED72}
	EndGlobalSection
EndGlobal
